<?xml version="1.0" encoding="utf-8"?>
<Project ToolsVersion="4.0" xmlns="http://schemas.microsoft.com/developer/msbuild/2003">
  <ItemGroup>
    <Filter Include="Source Files">
      <UniqueIdentifier>{4FC737F1-C7A5-4376-A066-2A32D752A2FF}</UniqueIdentifier>
      <Extensions>cpp;c;cc;cxx;def;odl;idl;hpj;bat;asm;asmx</Extensions>
    </Filter>
    <Filter Include="Header Files">
      <UniqueIdentifier>{93995380-89BD-4b04-88EB-625FBE52EBFB}</UniqueIdentifier>
      <Extensions>h;hpp;hxx;hm;inl;inc;xsd</Extensions>
    </Filter>
    <Filter Include="Resource Files">
      <UniqueIdentifier>{67DA6AB6-F800-4c08-8B7A-83BB121AAD01}</UniqueIdentifier>
      <Extensions>rc;ico;cur;bmp;dlg;rc2;rct;bin;rgs;gif;jpg;jpeg;jpe;resx;tiff;tif;png;wav;mfcribbon-ms</Extensions>
    </Filter>
    <Filter Include="Driver Files">
      <UniqueIdentifier>{8E41214B-6785-4CFE-B992-037D68949A14}</UniqueIdentifier>
      <Extensions>inf;inv;inx;mof;mc;</Extensions>
    </Filter>
  </ItemGroup>
  <ItemGroup>
    <Inf Include="skl.inf">
      <Filter>Driver Files</Filter>
    </Inf>
  </ItemGroup>
  <ItemGroup>
    <ClCompile Include="kernel.cpp">
      <Filter>Source Files</Filter>
    </ClCompile>
    <ClCompile Include="globle_runtime.cpp">
      <Filter>Source Files</Filter>
    </ClCompile>
  </ItemGroup>
  <ItemGroup>
    <ClInclude Include="kernel.h">
      <Filter>Header Files</Filter>
    </ClInclude>
    <ClInclude Include="shared_ptr.hpp">
      <Filter>Header Files</Filter>
    </ClInclude>
    <ClInclude Include="string.hpp">
      <Filter>Header Files</Filter>
    </ClInclude>
    <ClInclude Include="lookaside.hpp">
      <Filter>Header Files</Filter>
    </ClInclude>
    <ClInclude Include="list.hpp">
      <Filter>Header Files</Filter>
    </ClInclude>
    <ClInclude Include="globle_runtime.h">
      <Filter>Header Files</Filter>
    </ClInclude>
    <ClInclude Include="lookaside_atomic.hpp">
      <Filter>Header Files</Filter>
    </ClInclude>
    <ClInclude Include="atomic.hpp">
      <Filter>Header Files</Filter>
    </ClInclude>
    <ClInclude Include="type_traits.hpp">
      <Filter>Header Files</Filter>
    </ClInclude>
    <ClInclude Include="hash.hpp">
      <Filter>Header Files</Filter>
    </ClInclude>
    <ClInclude Include="hashstring.hpp">
      <Filter>Header Files</Filter>
    </ClInclude>
    <ClInclude Include="unit64table.hpp">
      <Filter>Header Files</Filter>
    </ClInclude>
    <ClInclude Include="util.hpp">
      <Filter>Header Files</Filter>
    </ClInclude>
    <ClInclude Include="utility.h">
      <Filter>Header Files</Filter>
    </ClInclude>
    <ClInclude Include="map.hpp">
      <Filter>Header Files</Filter>
    </ClInclude>
    <ClInclude Include="refholder.hpp">
      <Filter>Header Files</Filter>
    </ClInclude>
    <ClInclude Include="set.hpp">
      <Filter>Header Files</Filter>
    </ClInclude>
    <ClInclude Include="thread.hpp">
      <Filter>Header Files</Filter>
    </ClInclude>
    <ClInclude Include="functional.hpp">
      <Filter>Header Files</Filter>
    </ClInclude>
    <ClInclude Include="mutex.hpp">
      <Filter>Header Files</Filter>
    </ClInclude>
    <ClInclude Include="work_queue.hpp">
      <Filter>Header Files</Filter>
    </ClInclude>
    <ClInclude Include="atomic_bits.hpp">
      <Filter>Header Files</Filter>
    </ClInclude>
    <ClInclude Include="vector.hpp">
      <Filter>Header Files</Filter>
    </ClInclude>
    <ClInclude Include="event.hpp">
      <Filter>Header Files</Filter>
    </ClInclude>
    <ClInclude Include="initializer_list.hpp">
      <Filter>Header Files</Filter>
    </ClInclude>
    <ClInclude Include="array.hpp">
      <Filter>Header Files</Filter>
    </ClInclude>
    <ClInclude Include="scope_guard.hpp">
      <Filter>Header Files</Filter>
    </ClInclude>
    <ClInclude Include="kfifo.hpp">
      <Filter>Header Files</Filter>
    </ClInclude>
  </ItemGroup>
  <ItemGroup>
    <None Include="ReadMe.md" />
  </ItemGroup>
</Project>